
Microsoft Visual Studio Solution File, Format Version 12.00
# Visual Studio 15
VisualStudioVersion = 15.0.27703.2035
MinimumVisualStudioVersion = 10.0.40219.1
Project("{9A19103F-16F7-4668-BE54-9A1E7A4F7556}") = "01.MatrixOfPalindrome", "01.MatrixOfPalindrome\01.MatrixOfPalindrome.csproj", "{A33ECA50-6D44-4AE1-B15D-32A9C8279525}"
EndProject
Project("{FAE04EC0-301F-11D3-BF4B-00C04F79EFBC}") = "02.DiagonalDifference", "02.DiagonalDifference\02.DiagonalDifference.csproj", "{CAB5182D-FB1E-49BA-B43C-AD5416659CF3}"
EndProject
Project("{FAE04EC0-301F-11D3-BF4B-00C04F79EFBC}") = "03.TWOxTwoSquaresInMatrix", "03.2x2SquaresInMatrix\03.TWOxTwoSquaresInMatrix.csproj", "{D097A09B-FF5F-469C-9742-06BAE480787E}"
EndProject
Global
	GlobalSection(SolutionConfigurationPlatforms) = preSolution
		Debug|Any CPU = Debug|Any CPU
		Release|Any CPU = Release|Any CPU
	EndGlobalSection
	GlobalSection(ProjectConfigurationPlatforms) = postSolution
		{A33ECA50-6D44-4AE1-B15D-32A9C8279525}.Debug|Any CPU.ActiveCfg = Debug|Any CPU
		{A33ECA50-6D44-4AE1-B15D-32A9C8279525}.Debug|Any CPU.Build.0 = Debug|Any CPU
		{A33ECA50-6D44-4AE1-B15D-32A9C8279525}.Release|Any CPU.ActiveCfg = Release|Any CPU
		{A33ECA50-6D44-4AE1-B15D-32A9C8279525}.Release|Any CPU.Build.0 = Release|Any CPU
		{CAB5182D-FB1E-49BA-B43C-AD5416659CF3}.Debug|Any CPU.ActiveCfg = Debug|Any CPU
		{CAB5182D-FB1E-49BA-B43C-AD5416659CF3}.Debug|Any CPU.Build.0 = Debug|Any CPU
		{CAB5182D-FB1E-49BA-B43C-AD5416659CF3}.Release|Any CPU.ActiveCfg = Release|Any CPU
		{CAB5182D-FB1E-49BA-B43C-AD5416659CF3}.Release|Any CPU.Build.0 = Release|Any CPU
		{D097A09B-FF5F-469C-9742-06BAE480787E}.Debug|Any CPU.ActiveCfg = Debug|Any CPU
		{D097A09B-FF5F-469C-9742-06BAE480787E}.Debug|Any CPU.Build.0 = Debug|Any CPU
		{D097A09B-FF5F-469C-9742-06BAE480787E}.Release|Any CPU.ActiveCfg = Release|Any CPU
		{D097A09B-FF5F-469C-9742-06BAE480787E}.Release|Any CPU.Build.0 = Release|Any CPU
	EndGlobalSection
	GlobalSection(SolutionProperties) = preSolution
		HideSolutionNode = FALSE
	EndGlobalSection
	GlobalSection(ExtensibilityGlobals) = postSolution
		SolutionGuid = {AD04471E-5F45-41B9-A014-0CFED5590525}
	EndGlobalSection
EndGlobal
